
Microsoft Visual Studio Solution File, Format Version 12.00
# Visual Studio 14
VisualStudioVersion = 14.0.25420.1
MinimumVisualStudioVersion = 10.0.40219.1
Project("{FAE04EC0-301F-11D3-BF4B-00C04F79EFBC}") = "RabbitMQ.Consumter", "RabbitMQ.Consumter\RabbitMQ.Consumter.csproj", "{E5E41C89-1A96-4888-9363-4D7795EF0EFF}"
EndProject
Project("{FAE04EC0-301F-11D3-BF4B-00C04F79EFBC}") = "RabbitMQ.Common", "RabbitMQ.Common\RabbitMQ.Common.csproj", "{4018B7B1-2FC5-4CF2-A29B-66A3DBE0ACD2}"
EndProject
Project("{FAE04EC0-301F-11D3-BF4B-00C04F79EFBC}") = "RabbitMQ.Producer", "RabbitMQ.Producer\RabbitMQ.Producer.csproj", "{B673B3CB-4B4B-4B59-BEFF-F10F7874FB22}"
EndProject
Global
	GlobalSection(SolutionConfigurationPlatforms) = preSolution
		Debug|Any CPU = Debug|Any CPU
		Release|Any CPU = Release|Any CPU
	EndGlobalSection
	GlobalSection(ProjectConfigurationPlatforms) = postSolution
		{E5E41C89-1A96-4888-9363-4D7795EF0EFF}.Debug|Any CPU.ActiveCfg = Debug|Any CPU
		{E5E41C89-1A96-4888-9363-4D7795EF0EFF}.Debug|Any CPU.Build.0 = Debug|Any CPU
		{E5E41C89-1A96-4888-9363-4D7795EF0EFF}.Release|Any CPU.ActiveCfg = Release|Any CPU
		{E5E41C89-1A96-4888-9363-4D7795EF0EFF}.Release|Any CPU.Build.0 = Release|Any CPU
		{4018B7B1-2FC5-4CF2-A29B-66A3DBE0ACD2}.Debug|Any CPU.ActiveCfg = Debug|Any CPU
		{4018B7B1-2FC5-4CF2-A29B-66A3DBE0ACD2}.Debug|Any CPU.Build.0 = Debug|Any CPU
		{4018B7B1-2FC5-4CF2-A29B-66A3DBE0ACD2}.Release|Any CPU.ActiveCfg = Release|Any CPU
		{4018B7B1-2FC5-4CF2-A29B-66A3DBE0ACD2}.Release|Any CPU.Build.0 = Release|Any CPU
		{B673B3CB-4B4B-4B59-BEFF-F10F7874FB22}.Debug|Any CPU.ActiveCfg = Debug|Any CPU
		{B673B3CB-4B4B-4B59-BEFF-F10F7874FB22}.Debug|Any CPU.Build.0 = Debug|Any CPU
		{B673B3CB-4B4B-4B59-BEFF-F10F7874FB22}.Release|Any CPU.ActiveCfg = Release|Any CPU
		{B673B3CB-4B4B-4B59-BEFF-F10F7874FB22}.Release|Any CPU.Build.0 = Release|Any CPU
	EndGlobalSection
	GlobalSection(SolutionProperties) = preSolution
		HideSolutionNode = FALSE
	EndGlobalSection
EndGlobal
